
Microsoft Visual Studio Solution File, Format Version 11.00
# Visual Studio 2010
Project("{FAE04EC0-301F-11D3-BF4B-00C04F79EFBC}") = "SpectrumAnalyzer", "SpectrumAnalyzer\SpectrumAnalyzer.csproj", "{E5C5CE18-8F90-448A-8A5E-D7A81DAA0587}"
EndProject
Project("{FAE04EC0-301F-11D3-BF4B-00C04F79EFBC}") = "SpectrumAnalyzerLib", "SpectrumAnalyzerLib\SpectrumAnalyzerLib.csproj", "{CDBA9927-F66F-4AAF-A3D7-ECFEA9D8EE5C}"
EndProject
Project("{2150E333-8FDC-42A3-9474-1A3956D46DE8}") = "Solution Items", "Solution Items", "{5A95252C-0359-4948-82BF-6A15978B9184}"
	ProjectSection(SolutionItems) = preProject
		README.md = README.md
	EndProjectSection
EndProject
Global
	GlobalSection(SolutionConfigurationPlatforms) = preSolution
		Debug|Any CPU = Debug|Any CPU
		Debug|Mixed Platforms = Debug|Mixed Platforms
		Debug|x86 = Debug|x86
		Release|Any CPU = Release|Any CPU
		Release|Mixed Platforms = Release|Mixed Platforms
		Release|x86 = Release|x86
	EndGlobalSection
	GlobalSection(ProjectConfigurationPlatforms) = postSolution
		{E5C5CE18-8F90-448A-8A5E-D7A81DAA0587}.Debug|Any CPU.ActiveCfg = Debug|x86
		{E5C5CE18-8F90-448A-8A5E-D7A81DAA0587}.Debug|Mixed Platforms.ActiveCfg = Debug|x86
		{E5C5CE18-8F90-448A-8A5E-D7A81DAA0587}.Debug|Mixed Platforms.Build.0 = Debug|x86
		{E5C5CE18-8F90-448A-8A5E-D7A81DAA0587}.Debug|x86.ActiveCfg = Debug|x86
		{E5C5CE18-8F90-448A-8A5E-D7A81DAA0587}.Debug|x86.Build.0 = Debug|x86
		{E5C5CE18-8F90-448A-8A5E-D7A81DAA0587}.Release|Any CPU.ActiveCfg = Release|x86
		{E5C5CE18-8F90-448A-8A5E-D7A81DAA0587}.Release|Mixed Platforms.ActiveCfg = Release|x86
		{E5C5CE18-8F90-448A-8A5E-D7A81DAA0587}.Release|Mixed Platforms.Build.0 = Release|x86
		{E5C5CE18-8F90-448A-8A5E-D7A81DAA0587}.Release|x86.ActiveCfg = Release|x86
		{E5C5CE18-8F90-448A-8A5E-D7A81DAA0587}.Release|x86.Build.0 = Release|x86
		{CDBA9927-F66F-4AAF-A3D7-ECFEA9D8EE5C}.Debug|Any CPU.ActiveCfg = Debug|Any CPU
		{CDBA9927-F66F-4AAF-A3D7-ECFEA9D8EE5C}.Debug|Any CPU.Build.0 = Debug|Any CPU
		{CDBA9927-F66F-4AAF-A3D7-ECFEA9D8EE5C}.Debug|Mixed Platforms.ActiveCfg = Debug|Any CPU
		{CDBA9927-F66F-4AAF-A3D7-ECFEA9D8EE5C}.Debug|Mixed Platforms.Build.0 = Debug|Any CPU
		{CDBA9927-F66F-4AAF-A3D7-ECFEA9D8EE5C}.Debug|x86.ActiveCfg = Debug|Any CPU
		{CDBA9927-F66F-4AAF-A3D7-ECFEA9D8EE5C}.Release|Any CPU.ActiveCfg = Release|Any CPU
		{CDBA9927-F66F-4AAF-A3D7-ECFEA9D8EE5C}.Release|Any CPU.Build.0 = Release|Any CPU
		{CDBA9927-F66F-4AAF-A3D7-ECFEA9D8EE5C}.Release|Mixed Platforms.ActiveCfg = Release|Any CPU
		{CDBA9927-F66F-4AAF-A3D7-ECFEA9D8EE5C}.Release|Mixed Platforms.Build.0 = Release|Any CPU
		{CDBA9927-F66F-4AAF-A3D7-ECFEA9D8EE5C}.Release|x86.ActiveCfg = Release|Any CPU
	EndGlobalSection
	GlobalSection(SolutionProperties) = preSolution
		HideSolutionNode = FALSE
	EndGlobalSection
EndGlobal
